// !$*UTF8*$!
{
	archiveVersion = 1;
	classes = {
	};
	objectVersion = 55;
	objects = {

/* Begin PBXBuildFile section */
		18CBFE1C27EEA8A5009E1E1F /* WeatherApp.swift in Sources */ = {isa = PBXBuildFile; fileRef = 18CBFE1B27EEA8A5009E1E1F /* WeatherApp.swift */; };
		18CBFE1E27EEA8A5009E1E1F /* MainView.swift in Sources */ = {isa = PBXBuildFile; fileRef = 18CBFE1D27EEA8A5009E1E1F /* MainView.swift */; };
		18CBFE2027EEA8AB009E1E1F /* Assets.xcassets in Resources */ = {isa = PBXBuildFile; fileRef = 18CBFE1F27EEA8AB009E1E1F /* Assets.xcassets */; };
		18CBFE2327EEA8AB009E1E1F /* Preview Assets.xcassets in Resources */ = {isa = PBXBuildFile; fileRef = 18CBFE2227EEA8AB009E1E1F /* Preview Assets.xcassets */; };
		18CBFE2B27EEB637009E1E1F /* Jost.ttf in Resources */ = {isa = PBXBuildFile; fileRef = 18CBFE2A27EEB637009E1E1F /* Jost.ttf */; };
		18CBFE3027EFA4C6009E1E1F /* WeatherModel.swift in Sources */ = {isa = PBXBuildFile; fileRef = 18CBFE2F27EFA4C6009E1E1F /* WeatherModel.swift */; };
		18CBFE3327EFA91B009E1E1F /* WeatherViewModel.swift in Sources */ = {isa = PBXBuildFile; fileRef = 18CBFE3227EFA91B009E1E1F /* WeatherViewModel.swift */; };
		18CBFE3527EFDFBC009E1E1F /* WeatherFormatModel.swift in Sources */ = {isa = PBXBuildFile; fileRef = 18CBFE3427EFDFBC009E1E1F /* WeatherFormatModel.swift */; };
		18CBFE3727EFE634009E1E1F /* Mapper.swift in Sources */ = {isa = PBXBuildFile; fileRef = 18CBFE3627EFE634009E1E1F /* Mapper.swift */; };
		18CBFE3927EFF292009E1E1F /* TemperatureView.swift in Sources */ = {isa = PBXBuildFile; fileRef = 18CBFE3827EFF292009E1E1F /* TemperatureView.swift */; };
		18CBFE3B27EFF393009E1E1F /* WindView.swift in Sources */ = {isa = PBXBuildFile; fileRef = 18CBFE3A27EFF393009E1E1F /* WindView.swift */; };
		18CBFE3D27EFF498009E1E1F /* TitleView.swift in Sources */ = {isa = PBXBuildFile; fileRef = 18CBFE3C27EFF498009E1E1F /* TitleView.swift */; };
		18CBFE3F27EFFA24009E1E1F /* SunsetSunriseView.swift in Sources */ = {isa = PBXBuildFile; fileRef = 18CBFE3E27EFFA24009E1E1F /* SunsetSunriseView.swift */; };
		18EDEB0327F2A07D00D472CF /* PlaceModel.swift in Sources */ = {isa = PBXBuildFile; fileRef = 18EDEB0227F2A07D00D472CF /* PlaceModel.swift */; };
		18EDEB0527F2A2B100D472CF /* PlaceViewModel.swift in Sources */ = {isa = PBXBuildFile; fileRef = 18EDEB0427F2A2B100D472CF /* PlaceViewModel.swift */; };
/* End PBXBuildFile section */

/* Begin PBXFileReference section */
		18CBFE1827EEA8A5009E1E1F /* Weather.app */ = {isa = PBXFileReference; explicitFileType = wrapper.application; includeInIndex = 0; path = Weather.app; sourceTree = BUILT_PRODUCTS_DIR; };
		18CBFE1B27EEA8A5009E1E1F /* WeatherApp.swift */ = {isa = PBXFileReference; lastKnownFileType = sourcecode.swift; path = WeatherApp.swift; sourceTree = "<group>"; };
		18CBFE1D27EEA8A5009E1E1F /* MainView.swift */ = {isa = PBXFileReference; lastKnownFileType = sourcecode.swift; path = MainView.swift; sourceTree = "<group>"; };
		18CBFE1F27EEA8AB009E1E1F /* Assets.xcassets */ = {isa = PBXFileReference; lastKnownFileType = folder.assetcatalog; path = Assets.xcassets; sourceTree = "<group>"; };
		18CBFE2227EEA8AB009E1E1F /* Preview Assets.xcassets */ = {isa = PBXFileReference; lastKnownFileType = folder.assetcatalog; path = "Preview Assets.xcassets"; sourceTree = "<group>"; };
		18CBFE2A27EEB637009E1E1F /* Jost.ttf */ = {isa = PBXFileReference; lastKnownFileType = file; path = Jost.ttf; sourceTree = "<group>"; };
		18CBFE2C27EEB699009E1E1F /* Info.plist */ = {isa = PBXFileReference; lastKnownFileType = text.plist; path = Info.plist; sourceTree = "<group>"; };
		18CBFE2F27EFA4C6009E1E1F /* WeatherModel.swift */ = {isa = PBXFileReference; lastKnownFileType = sourcecode.swift; path = WeatherModel.swift; sourceTree = "<group>"; };
		18CBFE3227EFA91B009E1E1F /* WeatherViewModel.swift */ = {isa = PBXFileReference; lastKnownFileType = sourcecode.swift; path = WeatherViewModel.swift; sourceTree = "<group>"; };
		18CBFE3427EFDFBC009E1E1F /* WeatherFormatModel.swift */ = {isa = PBXFileReference; lastKnownFileType = sourcecode.swift; path = WeatherFormatModel.swift; sourceTree = "<group>"; };
		18CBFE3627EFE634009E1E1F /* Mapper.swift */ = {isa = PBXFileReference; lastKnownFileType = sourcecode.swift; path = Mapper.swift; sourceTree = "<group>"; };
		18CBFE3827EFF292009E1E1F /* TemperatureView.swift */ = {isa = PBXFileReference; lastKnownFileType = sourcecode.swift; path = TemperatureView.swift; sourceTree = "<group>"; };
		18CBFE3A27EFF393009E1E1F /* WindView.swift */ = {isa = PBXFileReference; lastKnownFileType = sourcecode.swift; path = WindView.swift; sourceTree = "<group>"; };
		18CBFE3C27EFF498009E1E1F /* TitleView.swift */ = {isa = PBXFileReference; lastKnownFileType = sourcecode.swift; path = TitleView.swift; sourceTree = "<group>"; };
		18CBFE3E27EFFA24009E1E1F /* SunsetSunriseView.swift */ = {isa = PBXFileReference; lastKnownFileType = sourcecode.swift; path = SunsetSunriseView.swift; sourceTree = "<group>"; };
		18EDEB0227F2A07D00D472CF /* PlaceModel.swift */ = {isa = PBXFileReference; lastKnownFileType = sourcecode.swift; path = PlaceModel.swift; sourceTree = "<group>"; };
		18EDEB0427F2A2B100D472CF /* PlaceViewModel.swift */ = {isa = PBXFileReference; lastKnownFileType = sourcecode.swift; path = PlaceViewModel.swift; sourceTree = "<group>"; };
/* End PBXFileReference section */

/* Begin PBXFrameworksBuildPhase section */
		18CBFE1527EEA8A5009E1E1F /* Frameworks */ = {
			isa = PBXFrameworksBuildPhase;
			buildActionMask = 2147483647;
			files = (
			);
			runOnlyForDeploymentPostprocessing = 0;
		};
/* End PBXFrameworksBuildPhase section */

/* Begin PBXGroup section */
		18CBFE0F27EEA8A5009E1E1F = {
			isa = PBXGroup;
			children = (
				18CBFE1A27EEA8A5009E1E1F /* Weather */,
				18CBFE1927EEA8A5009E1E1F /* Products */,
			);
			sourceTree = "<group>";
		};
		18CBFE1927EEA8A5009E1E1F /* Products */ = {
			isa = PBXGroup;
			children = (
				18CBFE1827EEA8A5009E1E1F /* Weather.app */,
			);
			name = Products;
			sourceTree = "<group>";
		};
		18CBFE1A27EEA8A5009E1E1F /* Weather */ = {
			isa = PBXGroup;
			children = (
				18CBFE1B27EEA8A5009E1E1F /* WeatherApp.swift */,
				18CBFE3127EFA909009E1E1F /* ViewModels */,
				18CBFE2E27EFA4AE009E1E1F /* Models */,
				18CBFE2D27EFA49C009E1E1F /* Views */,
				18CBFE2927EEB61D009E1E1F /* Font */,
				18CBFE1F27EEA8AB009E1E1F /* Assets.xcassets */,
				18CBFE2C27EEB699009E1E1F /* Info.plist */,
				18CBFE2127EEA8AB009E1E1F /* Preview Content */,
			);
			path = Weather;
			sourceTree = "<group>";
		};
		18CBFE2127EEA8AB009E1E1F /* Preview Content */ = {
			isa = PBXGroup;
			children = (
				18CBFE2227EEA8AB009E1E1F /* Preview Assets.xcassets */,
			);
			path = "Preview Content";
			sourceTree = "<group>";
		};
		18CBFE2927EEB61D009E1E1F /* Font */ = {
			isa = PBXGroup;
			children = (
				18CBFE2A27EEB637009E1E1F /* Jost.ttf */,
			);
			path = Font;
			sourceTree = "<group>";
		};
		18CBFE2D27EFA49C009E1E1F /* Views */ = {
			isa = PBXGroup;
			children = (
				18CBFE1D27EEA8A5009E1E1F /* MainView.swift */,
				18CBFE3827EFF292009E1E1F /* TemperatureView.swift */,
				18CBFE3A27EFF393009E1E1F /* WindView.swift */,
				18CBFE3C27EFF498009E1E1F /* TitleView.swift */,
				18CBFE3E27EFFA24009E1E1F /* SunsetSunriseView.swift */,
			);
			path = Views;
			sourceTree = "<group>";
		};
		18CBFE2E27EFA4AE009E1E1F /* Models */ = {
			isa = PBXGroup;
			children = (
				18CBFE2F27EFA4C6009E1E1F /* WeatherModel.swift */,
				18CBFE3427EFDFBC009E1E1F /* WeatherFormatModel.swift */,
				18CBFE3627EFE634009E1E1F /* Mapper.swift */,
				18EDEB0227F2A07D00D472CF /* PlaceModel.swift */,
			);
			path = Models;
			sourceTree = "<group>";
		};
		18CBFE3127EFA909009E1E1F /* ViewModels */ = {
			isa = PBXGroup;
			children = (
				18CBFE3227EFA91B009E1E1F /* WeatherViewModel.swift */,
				18EDEB0427F2A2B100D472CF /* PlaceViewModel.swift */,
			);
			path = ViewModels;
			sourceTree = "<group>";
		};
/* End PBXGroup section */

/* Begin PBXNativeTarget section */
		18CBFE1727EEA8A5009E1E1F /* Weather */ = {
			isa = PBXNativeTarget;
			buildConfigurationList = 18CBFE2627EEA8AB009E1E1F /* Build configuration list for PBXNativeTarget "Weather" */;
			buildPhases = (
				18CBFE1427EEA8A5009E1E1F /* Sources */,
				18CBFE1527EEA8A5009E1E1F /* Frameworks */,
				18CBFE1627EEA8A5009E1E1F /* Resources */,
			);
			buildRules = (
			);
			dependencies = (
			);
			name = Weather;
			productName = Weather;
			productReference = 18CBFE1827EEA8A5009E1E1F /* Weather.app */;
			productType = "com.apple.product-type.application";
		};
/* End PBXNativeTarget section */

/* Begin PBXProject section */
		18CBFE1027EEA8A5009E1E1F /* Project object */ = {
			isa = PBXProject;
			attributes = {
				BuildIndependentTargetsInParallel = 1;
				LastSwiftUpdateCheck = 1320;
				LastUpgradeCheck = 1320;
				TargetAttributes = {
					18CBFE1727EEA8A5009E1E1F = {
						CreatedOnToolsVersion = 13.2.1;
					};
				};
			};
			buildConfigurationList = 18CBFE1327EEA8A5009E1E1F /* Build configuration list for PBXProject "Weather" */;
			compatibilityVersion = "Xcode 13.0";
			developmentRegion = en;
			hasScannedForEncodings = 0;
			knownRegions = (
				en,
				Base,
			);
			mainGroup = 18CBFE0F27EEA8A5009E1E1F;
			productRefGroup = 18CBFE1927EEA8A5009E1E1F /* Products */;
			projectDirPath = "";
			projectRoot = "";
			targets = (
				18CBFE1727EEA8A5009E1E1F /* Weather */,
			);
		};
/* End PBXProject section */

/* Begin PBXResourcesBuildPhase section */
		18CBFE1627EEA8A5009E1E1F /* Resources */ = {
			isa = PBXResourcesBuildPhase;
			buildActionMask = 2147483647;
			files = (
				18CBFE2B27EEB637009E1E1F /* Jost.ttf in Resources */,
				18CBFE2327EEA8AB009E1E1F /* Preview Assets.xcassets in Resources */,
				18CBFE2027EEA8AB009E1E1F /* Assets.xcassets in Resources */,
			);
			runOnlyForDeploymentPostprocessing = 0;
		};
/* End PBXResourcesBuildPhase section */

/* Begin PBXSourcesBuildPhase section */
		18CBFE1427EEA8A5009E1E1F /* Sources */ = {
			isa = PBXSourcesBuildPhase;
			buildActionMask = 2147483647;
			files = (
				18CBFE1E27EEA8A5009E1E1F /* MainView.swift in Sources */,
				18CBFE3327EFA91B009E1E1F /* WeatherViewModel.swift in Sources */,
				18EDEB0327F2A07D00D472CF /* PlaceModel.swift in Sources */,
				18CBFE3027EFA4C6009E1E1F /* WeatherModel.swift in Sources */,
				18EDEB0527F2A2B100D472CF /* PlaceViewModel.swift in Sources */,
				18CBFE3527EFDFBC009E1E1F /* WeatherFormatModel.swift in Sources */,
				18CBFE3F27EFFA24009E1E1F /* SunsetSunriseView.swift in Sources */,
				18CBFE3727EFE634009E1E1F /* Mapper.swift in Sources */,
				18CBFE3D27EFF498009E1E1F /* TitleView.swift in Sources */,
				18CBFE3927EFF292009E1E1F /* TemperatureView.swift in Sources */,
				18CBFE3B27EFF393009E1E1F /* WindView.swift in Sources */,
				18CBFE1C27EEA8A5009E1E1F /* WeatherApp.swift in Sources */,
			);
			runOnlyForDeploymentPostprocessing = 0;
		};
/* End PBXSourcesBuildPhase section */

/* Begin XCBuildConfiguration section */
		18CBFE2427EEA8AB009E1E1F /* Debug */ = {
			isa = XCBuildConfiguration;
			buildSettings = {
				ALWAYS_SEARCH_USER_PATHS = NO;
				CLANG_ANALYZER_NONNULL = YES;
				CLANG_ANALYZER_NUMBER_OBJECT_CONVERSION = YES_AGGRESSIVE;
				CLANG_CXX_LANGUAGE_STANDARD = "gnu++17";
				CLANG_CXX_LIBRARY = "libc++";
				CLANG_ENABLE_MODULES = YES;
				CLANG_ENABLE_OBJC_ARC = YES;
				CLANG_ENABLE_OBJC_WEAK = YES;
				CLANG_WARN_BLOCK_CAPTURE_AUTORELEASING = YES;
				CLANG_WARN_BOOL_CONVERSION = YES;
				CLANG_WARN_COMMA = YES;
				CLANG_WARN_CONSTANT_CONVERSION = YES;
				CLANG_WARN_DEPRECATED_OBJC_IMPLEMENTATIONS = YES;
				CLANG_WARN_DIRECT_OBJC_ISA_USAGE = YES_ERROR;
				CLANG_WARN_DOCUMENTATION_COMMENTS = YES;
				CLANG_WARN_EMPTY_BODY = YES;
				CLANG_WARN_ENUM_CONVERSION = YES;
				CLANG_WARN_INFINITE_RECURSION = YES;
				CLANG_WARN_INT_CONVERSION = YES;
				CLANG_WARN_NON_LITERAL_NULL_CONVERSION = YES;
				CLANG_WARN_OBJC_IMPLICIT_RETAIN_SELF = YES;
				CLANG_WARN_OBJC_LITERAL_CONVERSION = YES;
				CLANG_WARN_OBJC_ROOT_CLASS = YES_ERROR;
				CLANG_WARN_QUOTED_INCLUDE_IN_FRAMEWORK_HEADER = YES;
				CLANG_WARN_RANGE_LOOP_ANALYSIS = YES;
				CLANG_WARN_STRICT_PROTOTYPES = YES;
				CLANG_WARN_SUSPICIOUS_MOVE = YES;
				CLANG_WARN_UNGUARDED_AVAILABILITY = YES_AGGRESSIVE;
				CLANG_WARN_UNREACHABLE_CODE = YES;
				CLANG_WARN__DUPLICATE_METHOD_MATCH = YES;
				COPY_PHASE_STRIP = NO;
				DEBUG_INFORMATION_FORMAT = dwarf;
				ENABLE_STRICT_OBJC_MSGSEND = YES;
				ENABLE_TESTABILITY = YES;
				GCC_C_LANGUAGE_STANDARD = gnu11;
				GCC_DYNAMIC_NO_PIC = NO;
				GCC_NO_COMMON_BLOCKS = YES;
				GCC_OPTIMIZATION_LEVEL = 0;
				GCC_PREPROCESSOR_DEFINITIONS = (
					"DEBUG=1",
					"$(inherited)",
				);
				GCC_WARN_64_TO_32_BIT_CONVERSION = YES;
				GCC_WARN_ABOUT_RETURN_TYPE = YES_ERROR;
				GCC_WARN_UNDECLARED_SELECTOR = YES;
				GCC_WARN_UNINITIALIZED_AUTOS = YES_AGGRESSIVE;
				GCC_WARN_UNUSED_FUNCTION = YES;
				GCC_WARN_UNUSED_VARIABLE = YES;
				IPHONEOS_DEPLOYMENT_TARGET = 15.2;
				MTL_ENABLE_DEBUG_INFO = INCLUDE_SOURCE;
				MTL_FAST_MATH = YES;
				ONLY_ACTIVE_ARCH = YES;
				SDKROOT = iphoneos;
				SWIFT_ACTIVE_COMPILATION_CONDITIONS = DEBUG;
				SWIFT_OPTIMIZATION_LEVEL = "-Onone";
			};
			name = Debug;
		};
		18CBFE2527EEA8AB009E1E1F /* Release */ = {
			isa = XCBuildConfiguration;
			buildSettings = {
				ALWAYS_SEARCH_USER_PATHS = NO;
				CLANG_ANALYZER_NONNULL = YES;
				CLANG_ANALYZER_NUMBER_OBJECT_CONVERSION = YES_AGGRESSIVE;
				CLANG_CXX_LANGUAGE_STANDARD = "gnu++17";
				CLANG_CXX_LIBRARY = "libc++";
				CLANG_ENABLE_MODULES = YES;
				CLANG_ENABLE_OBJC_ARC = YES;
				CLANG_ENABLE_OBJC_WEAK = YES;
				CLANG_WARN_BLOCK_CAPTURE_AUTORELEASING = YES;
				CLANG_WARN_BOOL_CONVERSION = YES;
				CLANG_WARN_COMMA = YES;
				CLANG_WARN_CONSTANT_CONVERSION = YES;
				CLANG_WARN_DEPRECATED_OBJC_IMPLEMENTATIONS = YES;
				CLANG_WARN_DIRECT_OBJC_ISA_USAGE = YES_ERROR;
				CLANG_WARN_DOCUMENTATION_COMMENTS = YES;
				CLANG_WARN_EMPTY_BODY = YES;
				CLANG_WARN_ENUM_CONVERSION = YES;
				CLANG_WARN_INFINITE_RECURSION = YES;
				CLANG_WARN_INT_CONVERSION = YES;
				CLANG_WARN_NON_LITERAL_NULL_CONVERSION = YES;
				CLANG_WARN_OBJC_IMPLICIT_RETAIN_SELF = YES;
				CLANG_WARN_OBJC_LITERAL_CONVERSION = YES;
				CLANG_WARN_OBJC_ROOT_CLASS = YES_ERROR;
				CLANG_WARN_QUOTED_INCLUDE_IN_FRAMEWORK_HEADER = YES;
				CLANG_WARN_RANGE_LOOP_ANALYSIS = YES;
				CLANG_WARN_STRICT_PROTOTYPES = YES;
				CLANG_WARN_SUSPICIOUS_MOVE = YES;
				CLANG_WARN_UNGUARDED_AVAILABILITY = YES_AGGRESSIVE;
				CLANG_WARN_UNREACHABLE_CODE = YES;
				CLANG_WARN__DUPLICATE_METHOD_MATCH = YES;
				COPY_PHASE_STRIP = NO;
				DEBUG_INFORMATION_FORMAT = "dwarf-with-dsym";
				ENABLE_NS_ASSERTIONS = NO;
				ENABLE_STRICT_OBJC_MSGSEND = YES;
				GCC_C_LANGUAGE_STANDARD = gnu11;
				GCC_NO_COMMON_BLOCKS = YES;
				GCC_WARN_64_TO_32_BIT_CONVERSION = YES;
				GCC_WARN_ABOUT_RETURN_TYPE = YES_ERROR;
				GCC_WARN_UNDECLARED_SELECTOR = YES;
				GCC_WARN_UNINITIALIZED_AUTOS = YES_AGGRESSIVE;
				GCC_WARN_UNUSED_FUNCTION = YES;
				GCC_WARN_UNUSED_VARIABLE = YES;
				IPHONEOS_DEPLOYMENT_TARGET = 15.2;
				MTL_ENABLE_DEBUG_INFO = NO;
				MTL_FAST_MATH = YES;
				SDKROOT = iphoneos;
				SWIFT_COMPILATION_MODE = wholemodule;
				SWIFT_OPTIMIZATION_LEVEL = "-O";
				VALIDATE_PRODUCT = YES;
			};
			name = Release;
		};
		18CBFE2727EEA8AB009E1E1F /* Debug */ = {
			isa = XCBuildConfiguration;
			buildSettings = {
				ASSETCATALOG_COMPILER_APPICON_NAME = AppIcon;
				ASSETCATALOG_COMPILER_GLOBAL_ACCENT_COLOR_NAME = AccentColor;
				CODE_SIGN_STYLE = Automatic;
				CURRENT_PROJECT_VERSION = 1;
				DEVELOPMENT_ASSET_PATHS = "\"Weather/Preview Content\"";
				DEVELOPMENT_TEAM = 3XV8992957;
				ENABLE_PREVIEWS = YES;
				GENERATE_INFOPLIST_FILE = YES;
				INFOPLIST_FILE = Weather/Info.plist;
				INFOPLIST_KEY_UIApplicationSceneManifest_Generation = YES;
				INFOPLIST_KEY_UIApplicationSupportsIndirectInputEvents = YES;
				INFOPLIST_KEY_UILaunchScreen_Generation = YES;
				INFOPLIST_KEY_UISupportedInterfaceOrientations_iPad = "UIInterfaceOrientationPortrait UIInterfaceOrientationPortraitUpsideDown UIInterfaceOrientationLandscapeLeft UIInterfaceOrientationLandscapeRight";
				INFOPLIST_KEY_UISupportedInterfaceOrientations_iPhone = "UIInterfaceOrientationPortrait UIInterfaceOrientationLandscapeLeft UIInterfaceOrientationLandscapeRight";
				LD_RUNPATH_SEARCH_PATHS = (
					"$(inherited)",
					"@executable_path/Frameworks",
				);
				MARKETING_VERSION = 1.0;
				PRODUCT_BUNDLE_IDENTIFIER = com.camilastorck.Weather;
				PRODUCT_NAME = "$(TARGET_NAME)";
				SWIFT_EMIT_LOC_STRINGS = YES;
				SWIFT_VERSION = 5.0;
				TARGETED_DEVICE_FAMILY = "1,2";
			};
			name = Debug;
		};
		18CBFE2827EEA8AB009E1E1F /* Release */ = {
			isa = XCBuildConfiguration;
			buildSettings = {
				ASSETCATALOG_COMPILER_APPICON_NAME = AppIcon;
				ASSETCATALOG_COMPILER_GLOBAL_ACCENT_COLOR_NAME = AccentColor;
				CODE_SIGN_STYLE = Automatic;
				CURRENT_PROJECT_VERSION = 1;
				DEVELOPMENT_ASSET_PATHS = "\"Weather/Preview Content\"";
				DEVELOPMENT_TEAM = 3XV8992957;
				ENABLE_PREVIEWS = YES;
				GENERATE_INFOPLIST_FILE = YES;
				INFOPLIST_FILE = Weather/Info.plist;
				INFOPLIST_KEY_UIApplicationSceneManifest_Generation = YES;
				INFOPLIST_KEY_UIApplicationSupportsIndirectInputEvents = YES;
				INFOPLIST_KEY_UILaunchScreen_Generation = YES;
				INFOPLIST_KEY_UISupportedInterfaceOrientations_iPad = "UIInterfaceOrientationPortrait UIInterfaceOrientationPortraitUpsideDown UIInterfaceOrientationLandscapeLeft UIInterfaceOrientationLandscapeRight";
				INFOPLIST_KEY_UISupportedInterfaceOrientations_iPhone = "UIInterfaceOrientationPortrait UIInterfaceOrientationLandscapeLeft UIInterfaceOrientationLandscapeRight";
				LD_RUNPATH_SEARCH_PATHS = (
					"$(inherited)",
					"@executable_path/Frameworks",
				);
				MARKETING_VERSION = 1.0;
				PRODUCT_BUNDLE_IDENTIFIER = com.camilastorck.Weather;
				PRODUCT_NAME = "$(TARGET_NAME)";
				SWIFT_EMIT_LOC_STRINGS = YES;
				SWIFT_VERSION = 5.0;
				TARGETED_DEVICE_FAMILY = "1,2";
			};
			name = Release;
		};
/* End XCBuildConfiguration section */

/* Begin XCConfigurationList section */
		18CBFE1327EEA8A5009E1E1F /* Build configuration list for PBXProject "Weather" */ = {
			isa = XCConfigurationList;
			buildConfigurations = (
				18CBFE2427EEA8AB009E1E1F /* Debug */,
				18CBFE2527EEA8AB009E1E1F /* Release */,
			);
			defaultConfigurationIsVisible = 0;
			defaultConfigurationName = Release;
		};
		18CBFE2627EEA8AB009E1E1F /* Build configuration list for PBXNativeTarget "Weather" */ = {
			isa = XCConfigurationList;
			buildConfigurations = (
				18CBFE2727EEA8AB009E1E1F /* Debug */,
				18CBFE2827EEA8AB009E1E1F /* Release */,
			);
			defaultConfigurationIsVisible = 0;
			defaultConfigurationName = Release;
		};
/* End XCConfigurationList section */
	};
	rootObject = 18CBFE1027EEA8A5009E1E1F /* Project object */;
}
